{
  "lockfileVersion": 1,
  "workspaces": {
    "": {
      "devDependencies": {
        "oxlint": "^1.9.0",
        "prettier": "^3.6.2",
      },
    },
  },
  "packages": {
    "@oxlint/darwin-arm64": ["@oxlint/darwin-arm64@1.9.0", "", { "os": "darwin", "cpu": "arm64" }, "sha512-VRxI/T0I4bq+xoaI0qNFeGPxOOganHlfLmx8JbFFZswoxMkm5lIvVYScDKLrsbbPSe4bcZ5v1DmX5sNGQ619Uw=="],

    "@oxlint/darwin-x64": ["@oxlint/darwin-x64@1.9.0", "", { "os": "darwin", "cpu": "x64" }, "sha512-vMBa3eNrJMSBApXvsx6FgMuWCnNE+ETJJieLPhemZKctMNWOJQX+2i09CG2kb1IkmxagLapH7dZ4i0+Lf13mqg=="],

    "@oxlint/linux-arm64-gnu": ["@oxlint/linux-arm64-gnu@1.9.0", "", { "os": "linux", "cpu": "arm64" }, "sha512-8wnMjloRbz7hPKvcgqd8HKNgkEgFJZvp9Los2pdE1CKh33msIxIXPGT3KKhYzyrtBaRaG2LJHshUPub02Q+x9A=="],

    "@oxlint/linux-arm64-musl": ["@oxlint/linux-arm64-musl@1.9.0", "", { "os": "linux", "cpu": "arm64" }, "sha512-elj9FTNXvq9oP8UedeHHq2R8lCtTmBGvUO/xLez734zVx3tvBl3avmuEfPBqR4wlUKDANExDh3Rg0pssflhw9w=="],

    "@oxlint/linux-x64-gnu": ["@oxlint/linux-x64-gnu@1.9.0", "", { "os": "linux", "cpu": "x64" }, "sha512-d7VjQttKDgXKIYY3tm2GXTD83dyI+D8POGdPRT8GjhitHKasHQWFMBDG5iLp60FNc5Ky1cIe/2nwKW9ReQvhKw=="],

    "@oxlint/linux-x64-musl": ["@oxlint/linux-x64-musl@1.9.0", "", { "os": "linux", "cpu": "x64" }, "sha512-R9vi5LGxNNi3pisp4dG7Ez00mAvCeki8VI5DUg6W1MR0GTnaejlVtMflziA2jqpdTGOK4bjLDsHKIadGC1SMVg=="],

    "@oxlint/win32-arm64": ["@oxlint/win32-arm64@1.9.0", "", { "os": "win32", "cpu": "arm64" }, "sha512-TiV7xYBMhkc/r0X+c9cMwGKUWYJRlWnI61m8powqer6lMJ8VfDe1RkRF4ttO5wlPGkiBwBa3vYWAgxaXc9JAMQ=="],

    "@oxlint/win32-x64": ["@oxlint/win32-x64@1.9.0", "", { "os": "win32", "cpu": "x64" }, "sha512-OWqqkXsLrpS1uQsxjNqiOkC9a/CszMLa3VwlRcpm/z3iPxEL/qEVjGfjZX6XZw8Q6YukFB77rgYqzotvtCvI1A=="],

    "oxlint": ["oxlint@1.9.0", "", { "optionalDependencies": { "@oxlint/darwin-arm64": "1.9.0", "@oxlint/darwin-x64": "1.9.0", "@oxlint/linux-arm64-gnu": "1.9.0", "@oxlint/linux-arm64-musl": "1.9.0", "@oxlint/linux-x64-gnu": "1.9.0", "@oxlint/linux-x64-musl": "1.9.0", "@oxlint/win32-arm64": "1.9.0", "@oxlint/win32-x64": "1.9.0" }, "bin": { "oxlint": "bin/oxlint", "oxc_language_server": "bin/oxc_language_server" } }, "sha512-vvqpkRt7UA1F1DoOJGYO2+T52L6jV4RxS+9hFVCPQ0X+hcNVtbl/TxQuwjobBw8Yw2U8Rb9d8VLJxa8eRSqpQQ=="],

    "prettier": ["prettier@3.6.2", "", { "bin": { "prettier": "bin/prettier.cjs" } }, "sha512-I7AIg5boAr5R0FFtJ6rCfD+LFsWHp81dolrFD8S79U9tb8Az2nGrJncnMSnys+bpQJfRUzqs9hnA81OAA3hCuQ=="],
  }
}
