{
  "lockfileVersion": 1,
  "workspaces": {
    "": {
      "name": "node-hono-benchmark",
      "dependencies": {
        "@hono/node-server": "latest",
        "hono": "latest",
      },
    },
  },
  "packages": {
    "@hono/node-server": ["@hono/node-server@1.18.1", "", { "peerDependencies": { "hono": "^4" } }, "sha512-O3puG/b7owYYmoQ2XPBf3SxBz6Dhk5VmWFhbaBU8/5wcUaXUPS0goxaI2Zfyg+Cu14ILJHEU7IFRw7miFxuXxg=="],

    "hono": ["hono@4.8.12", "", {}, "sha512-MQSKk1Mg7b74k8l+A025LfysnLtXDKkE4pLaSsYRQC5iy85lgZnuyeQ1Wynair9mmECzoLu+FtJtqNZSoogBDQ=="],
  }
}
